
Microsoft Visual Studio Solution File, Format Version 12.00
# Visual Studio Version 16
VisualStudioVersion = 25.0.1705.2
MinimumVisualStudioVersion = 10.0.40219.1
Project("{FAE04EC0-301F-11D3-BF4B-00C04F79EFBC}") = "MarchMadness", "MarchMadness.csproj", "{637F1094-2DF7-4BAF-9769-37C43798EDC8}"
EndProject
Global
	GlobalSection(SolutionConfigurationPlatforms) = preSolution
		Debug|Any CPU = Debug|Any CPU
		Release|Any CPU = Release|Any CPU
	EndGlobalSection
	GlobalSection(ProjectConfigurationPlatforms) = postSolution
		{637F1094-2DF7-4BAF-9769-37C43798EDC8}.Debug|Any CPU.ActiveCfg = Debug|Any CPU
		{637F1094-2DF7-4BAF-9769-37C43798EDC8}.Debug|Any CPU.Build.0 = Debug|Any CPU
		{637F1094-2DF7-4BAF-9769-37C43798EDC8}.Release|Any CPU.ActiveCfg = Release|Any CPU
		{637F1094-2DF7-4BAF-9769-37C43798EDC8}.Release|Any CPU.Build.0 = Release|Any CPU
	EndGlobalSection
	GlobalSection(SolutionProperties) = preSolution
		HideSolutionNode = FALSE
	EndGlobalSection
	GlobalSection(ExtensibilityGlobals) = postSolution
		SolutionGuid = {800F277E-64A2-4703-A2EA-56015F61704E}
	EndGlobalSection
EndGlobal
